// !$*UTF8*$!
{
	archiveVersion = 1;
	classes = {
	};
	objectVersion = 55;
	objects = {

/* Begin PBXBuildFile section */
		750ADF9A2750E187005AB9E3 /* ContainerView.swift in Sources */ = {isa = PBXBuildFile; fileRef = 750ADF992750E187005AB9E3 /* ContainerView.swift */; };
		750ADF9C2750E5B6005AB9E3 /* HexColorExtension.swift in Sources */ = {isa = PBXBuildFile; fileRef = 750ADF9B2750E5B6005AB9E3 /* HexColorExtension.swift */; };
		750ADF9E2750E9CA005AB9E3 /* PhotoCollectionViewCell.swift in Sources */ = {isa = PBXBuildFile; fileRef = 750ADF9D2750E9CA005AB9E3 /* PhotoCollectionViewCell.swift */; };
		750ADFA02750E9E6005AB9E3 /* PhotoCollectionView.swift in Sources */ = {isa = PBXBuildFile; fileRef = 750ADF9F2750E9E6005AB9E3 /* PhotoCollectionView.swift */; };
		750ADFA42751479D005AB9E3 /* Layout.swift in Sources */ = {isa = PBXBuildFile; fileRef = 750ADFA32751479D005AB9E3 /* Layout.swift */; };
		750ADFA6275148DD005AB9E3 /* Constraints.swift in Sources */ = {isa = PBXBuildFile; fileRef = 750ADFA5275148DD005AB9E3 /* Constraints.swift */; };
		750ADFA827514A2F005AB9E3 /* Ubuntu-R.ttf in Resources */ = {isa = PBXBuildFile; fileRef = 750ADFA727514A2F005AB9E3 /* Ubuntu-R.ttf */; };
		750ADFAA27515571005AB9E3 /* Oswald-Light.ttf in Resources */ = {isa = PBXBuildFile; fileRef = 750ADFA927515570005AB9E3 /* Oswald-Light.ttf */; };
		750ADFAC27515A0F005AB9E3 /* PickerController.swift in Sources */ = {isa = PBXBuildFile; fileRef = 750ADFAB27515A0F005AB9E3 /* PickerController.swift */; };
		750ADFAE27516348005AB9E3 /* PresentPhotoViewController.swift in Sources */ = {isa = PBXBuildFile; fileRef = 750ADFAD27516347005AB9E3 /* PresentPhotoViewController.swift */; };
		750ADFB2275175F7005AB9E3 /* StorageManager.swift in Sources */ = {isa = PBXBuildFile; fileRef = 750ADFB1275175F7005AB9E3 /* StorageManager.swift */; };
		7532EE372751D8B3009ABCA2 /* CollectionDelegate:DataSource.swift in Sources */ = {isa = PBXBuildFile; fileRef = 7532EE362751D8B2009ABCA2 /* CollectionDelegate:DataSource.swift */; };
		7544950527501B9300AF7AB6 /* AppDelegate.swift in Sources */ = {isa = PBXBuildFile; fileRef = 7544950427501B9300AF7AB6 /* AppDelegate.swift */; };
		7544950727501B9300AF7AB6 /* SceneDelegate.swift in Sources */ = {isa = PBXBuildFile; fileRef = 7544950627501B9300AF7AB6 /* SceneDelegate.swift */; };
		7544950927501B9300AF7AB6 /* ViewController.swift in Sources */ = {isa = PBXBuildFile; fileRef = 7544950827501B9300AF7AB6 /* ViewController.swift */; };
		7544950C27501B9300AF7AB6 /* Main.storyboard in Resources */ = {isa = PBXBuildFile; fileRef = 7544950A27501B9300AF7AB6 /* Main.storyboard */; };
		7544950E27501BB500AF7AB6 /* Assets.xcassets in Resources */ = {isa = PBXBuildFile; fileRef = 7544950D27501BB500AF7AB6 /* Assets.xcassets */; };
		7544951127501BB500AF7AB6 /* LaunchScreen.storyboard in Resources */ = {isa = PBXBuildFile; fileRef = 7544950F27501BB500AF7AB6 /* LaunchScreen.storyboard */; };
		7544951C27501F7A00AF7AB6 /* FirebaseAnalytics in Frameworks */ = {isa = PBXBuildFile; productRef = 7544951B27501F7A00AF7AB6 /* FirebaseAnalytics */; };
		7544951E27501F7A00AF7AB6 /* FirebaseDatabase in Frameworks */ = {isa = PBXBuildFile; productRef = 7544951D27501F7A00AF7AB6 /* FirebaseDatabase */; };
		7544952027501F7A00AF7AB6 /* FirebaseFirestore in Frameworks */ = {isa = PBXBuildFile; productRef = 7544951F27501F7A00AF7AB6 /* FirebaseFirestore */; };
		7544952227501F7A00AF7AB6 /* FirebaseStorage in Frameworks */ = {isa = PBXBuildFile; productRef = 7544952127501F7A00AF7AB6 /* FirebaseStorage */; };
		754495242750281700AF7AB6 /* GoogleService-Info.plist in Resources */ = {isa = PBXBuildFile; fileRef = 754495232750281700AF7AB6 /* GoogleService-Info.plist */; };
/* End PBXBuildFile section */

/* Begin PBXFileReference section */
		750ADF992750E187005AB9E3 /* ContainerView.swift */ = {isa = PBXFileReference; lastKnownFileType = sourcecode.swift; path = ContainerView.swift; sourceTree = "<group>"; };
		750ADF9B2750E5B6005AB9E3 /* HexColorExtension.swift */ = {isa = PBXFileReference; lastKnownFileType = sourcecode.swift; path = HexColorExtension.swift; sourceTree = "<group>"; };
		750ADF9D2750E9CA005AB9E3 /* PhotoCollectionViewCell.swift */ = {isa = PBXFileReference; lastKnownFileType = sourcecode.swift; path = PhotoCollectionViewCell.swift; sourceTree = "<group>"; };
		750ADF9F2750E9E6005AB9E3 /* PhotoCollectionView.swift */ = {isa = PBXFileReference; lastKnownFileType = sourcecode.swift; path = PhotoCollectionView.swift; sourceTree = "<group>"; };
		750ADFA32751479D005AB9E3 /* Layout.swift */ = {isa = PBXFileReference; lastKnownFileType = sourcecode.swift; path = Layout.swift; sourceTree = "<group>"; };
		750ADFA5275148DD005AB9E3 /* Constraints.swift */ = {isa = PBXFileReference; lastKnownFileType = sourcecode.swift; path = Constraints.swift; sourceTree = "<group>"; };
		750ADFA727514A2F005AB9E3 /* Ubuntu-R.ttf */ = {isa = PBXFileReference; lastKnownFileType = file; path = "Ubuntu-R.ttf"; sourceTree = "<group>"; };
		750ADFA927515570005AB9E3 /* Oswald-Light.ttf */ = {isa = PBXFileReference; lastKnownFileType = file; path = "Oswald-Light.ttf"; sourceTree = "<group>"; };
		750ADFAB27515A0F005AB9E3 /* PickerController.swift */ = {isa = PBXFileReference; lastKnownFileType = sourcecode.swift; path = PickerController.swift; sourceTree = "<group>"; };
		750ADFAD27516347005AB9E3 /* PresentPhotoViewController.swift */ = {isa = PBXFileReference; lastKnownFileType = sourcecode.swift; path = PresentPhotoViewController.swift; sourceTree = "<group>"; };
		750ADFB1275175F7005AB9E3 /* StorageManager.swift */ = {isa = PBXFileReference; lastKnownFileType = sourcecode.swift; path = StorageManager.swift; sourceTree = "<group>"; };
		7532EE362751D8B2009ABCA2 /* CollectionDelegate:DataSource.swift */ = {isa = PBXFileReference; lastKnownFileType = sourcecode.swift; path = "CollectionDelegate:DataSource.swift"; sourceTree = "<group>"; };
		7544950127501B9300AF7AB6 /* xOneTest.app */ = {isa = PBXFileReference; explicitFileType = wrapper.application; includeInIndex = 0; path = xOneTest.app; sourceTree = BUILT_PRODUCTS_DIR; };
		7544950427501B9300AF7AB6 /* AppDelegate.swift */ = {isa = PBXFileReference; lastKnownFileType = sourcecode.swift; path = AppDelegate.swift; sourceTree = "<group>"; };
		7544950627501B9300AF7AB6 /* SceneDelegate.swift */ = {isa = PBXFileReference; lastKnownFileType = sourcecode.swift; path = SceneDelegate.swift; sourceTree = "<group>"; };
		7544950827501B9300AF7AB6 /* ViewController.swift */ = {isa = PBXFileReference; lastKnownFileType = sourcecode.swift; path = ViewController.swift; sourceTree = "<group>"; };
		7544950B27501B9300AF7AB6 /* Base */ = {isa = PBXFileReference; lastKnownFileType = file.storyboard; name = Base; path = Base.lproj/Main.storyboard; sourceTree = "<group>"; };
		7544950D27501BB500AF7AB6 /* Assets.xcassets */ = {isa = PBXFileReference; lastKnownFileType = folder.assetcatalog; path = Assets.xcassets; sourceTree = "<group>"; };
		7544951027501BB500AF7AB6 /* Base */ = {isa = PBXFileReference; lastKnownFileType = file.storyboard; name = Base; path = Base.lproj/LaunchScreen.storyboard; sourceTree = "<group>"; };
		7544951227501BB500AF7AB6 /* Info.plist */ = {isa = PBXFileReference; lastKnownFileType = text.plist.xml; path = Info.plist; sourceTree = "<group>"; };
		754495232750281700AF7AB6 /* GoogleService-Info.plist */ = {isa = PBXFileReference; fileEncoding = 4; lastKnownFileType = text.plist.xml; path = "GoogleService-Info.plist"; sourceTree = "<group>"; };
/* End PBXFileReference section */

/* Begin PBXFrameworksBuildPhase section */
		754494FE27501B9200AF7AB6 /* Frameworks */ = {
			isa = PBXFrameworksBuildPhase;
			buildActionMask = 2147483647;
			files = (
				7544951E27501F7A00AF7AB6 /* FirebaseDatabase in Frameworks */,
				7544952227501F7A00AF7AB6 /* FirebaseStorage in Frameworks */,
				7544951C27501F7A00AF7AB6 /* FirebaseAnalytics in Frameworks */,
				7544952027501F7A00AF7AB6 /* FirebaseFirestore in Frameworks */,
			);
			runOnlyForDeploymentPostprocessing = 0;
		};
/* End PBXFrameworksBuildPhase section */

/* Begin PBXGroup section */
		750ADFA12750E9F2005AB9E3 /* View */ = {
			isa = PBXGroup;
			children = (
				750ADF992750E187005AB9E3 /* ContainerView.swift */,
				750ADF9D2750E9CA005AB9E3 /* PhotoCollectionViewCell.swift */,
				750ADF9F2750E9E6005AB9E3 /* PhotoCollectionView.swift */,
				7544950A27501B9300AF7AB6 /* Main.storyboard */,
			);
			path = View;
			sourceTree = "<group>";
		};
		750ADFA2275145CF005AB9E3 /* Controller */ = {
			isa = PBXGroup;
			children = (
				7544950827501B9300AF7AB6 /* ViewController.swift */,
				7532EE362751D8B2009ABCA2 /* CollectionDelegate:DataSource.swift */,
				750ADFAD27516347005AB9E3 /* PresentPhotoViewController.swift */,
				750ADFAB27515A0F005AB9E3 /* PickerController.swift */,
				750ADFA5275148DD005AB9E3 /* Constraints.swift */,
			);
			path = Controller;
			sourceTree = "<group>";
		};
		7532EE382751DC3C009ABCA2 /* Application */ = {
			isa = PBXGroup;
			children = (
				7544950427501B9300AF7AB6 /* AppDelegate.swift */,
				7544950627501B9300AF7AB6 /* SceneDelegate.swift */,
			);
			path = Application;
			sourceTree = "<group>";
		};
		7532EE392751DC86009ABCA2 /* Resources */ = {
			isa = PBXGroup;
			children = (
				7544950D27501BB500AF7AB6 /* Assets.xcassets */,
				754495232750281700AF7AB6 /* GoogleService-Info.plist */,
				750ADFA927515570005AB9E3 /* Oswald-Light.ttf */,
				750ADFA727514A2F005AB9E3 /* Ubuntu-R.ttf */,
				7544950F27501BB500AF7AB6 /* LaunchScreen.storyboard */,
			);
			path = Resources;
			sourceTree = "<group>";
		};
		7532EE3A2751DDC1009ABCA2 /* Firebase */ = {
			isa = PBXGroup;
			children = (
				750ADFB1275175F7005AB9E3 /* StorageManager.swift */,
			);
			path = Firebase;
			sourceTree = "<group>";
		};
		7532EE3B2751DEDF009ABCA2 /* Extensions */ = {
			isa = PBXGroup;
			children = (
				750ADF9B2750E5B6005AB9E3 /* HexColorExtension.swift */,
				750ADFA32751479D005AB9E3 /* Layout.swift */,
			);
			path = Extensions;
			sourceTree = "<group>";
		};
		754494F827501B9200AF7AB6 = {
			isa = PBXGroup;
			children = (
				7544950327501B9300AF7AB6 /* xOneTest */,
				7544950227501B9300AF7AB6 /* Products */,
			);
			sourceTree = "<group>";
		};
		7544950227501B9300AF7AB6 /* Products */ = {
			isa = PBXGroup;
			children = (
				7544950127501B9300AF7AB6 /* xOneTest.app */,
			);
			name = Products;
			sourceTree = "<group>";
		};
		7544950327501B9300AF7AB6 /* xOneTest */ = {
			isa = PBXGroup;
			children = (
				7544951227501BB500AF7AB6 /* Info.plist */,
				7532EE382751DC3C009ABCA2 /* Application */,
				7532EE3B2751DEDF009ABCA2 /* Extensions */,
				7532EE3A2751DDC1009ABCA2 /* Firebase */,
				750ADFA2275145CF005AB9E3 /* Controller */,
				750ADFA12750E9F2005AB9E3 /* View */,
				7532EE392751DC86009ABCA2 /* Resources */,
			);
			path = xOneTest;
			sourceTree = "<group>";
		};
/* End PBXGroup section */

/* Begin PBXNativeTarget section */
		7544950027501B9200AF7AB6 /* xOneTest */ = {
			isa = PBXNativeTarget;
			buildConfigurationList = 7544951527501BB500AF7AB6 /* Build configuration list for PBXNativeTarget "xOneTest" */;
			buildPhases = (
				754494FD27501B9200AF7AB6 /* Sources */,
				754494FE27501B9200AF7AB6 /* Frameworks */,
				754494FF27501B9200AF7AB6 /* Resources */,
			);
			buildRules = (
			);
			dependencies = (
			);
			name = xOneTest;
			packageProductDependencies = (
				7544951B27501F7A00AF7AB6 /* FirebaseAnalytics */,
				7544951D27501F7A00AF7AB6 /* FirebaseDatabase */,
				7544951F27501F7A00AF7AB6 /* FirebaseFirestore */,
				7544952127501F7A00AF7AB6 /* FirebaseStorage */,
			);
			productName = xOneTest;
			productReference = 7544950127501B9300AF7AB6 /* xOneTest.app */;
			productType = "com.apple.product-type.application";
		};
/* End PBXNativeTarget section */

/* Begin PBXProject section */
		754494F927501B9200AF7AB6 /* Project object */ = {
			isa = PBXProject;
			attributes = {
				BuildIndependentTargetsInParallel = 1;
				LastSwiftUpdateCheck = 1300;
				LastUpgradeCheck = 1300;
				TargetAttributes = {
					7544950027501B9200AF7AB6 = {
						CreatedOnToolsVersion = 13.0;
					};
				};
			};
			buildConfigurationList = 754494FC27501B9200AF7AB6 /* Build configuration list for PBXProject "xOneTest" */;
			compatibilityVersion = "Xcode 13.0";
			developmentRegion = en;
			hasScannedForEncodings = 0;
			knownRegions = (
				en,
				Base,
			);
			mainGroup = 754494F827501B9200AF7AB6;
			packageReferences = (
				7544951A27501F7A00AF7AB6 /* XCRemoteSwiftPackageReference "firebase-ios-sdk" */,
			);
			productRefGroup = 7544950227501B9300AF7AB6 /* Products */;
			projectDirPath = "";
			projectRoot = "";
			targets = (
				7544950027501B9200AF7AB6 /* xOneTest */,
			);
		};
/* End PBXProject section */

/* Begin PBXResourcesBuildPhase section */
		754494FF27501B9200AF7AB6 /* Resources */ = {
			isa = PBXResourcesBuildPhase;
			buildActionMask = 2147483647;
			files = (
				7544951127501BB500AF7AB6 /* LaunchScreen.storyboard in Resources */,
				750ADFA827514A2F005AB9E3 /* Ubuntu-R.ttf in Resources */,
				7544950E27501BB500AF7AB6 /* Assets.xcassets in Resources */,
				750ADFAA27515571005AB9E3 /* Oswald-Light.ttf in Resources */,
				754495242750281700AF7AB6 /* GoogleService-Info.plist in Resources */,
				7544950C27501B9300AF7AB6 /* Main.storyboard in Resources */,
			);
			runOnlyForDeploymentPostprocessing = 0;
		};
/* End PBXResourcesBuildPhase section */

/* Begin PBXSourcesBuildPhase section */
		754494FD27501B9200AF7AB6 /* Sources */ = {
			isa = PBXSourcesBuildPhase;
			buildActionMask = 2147483647;
			files = (
				750ADF9A2750E187005AB9E3 /* ContainerView.swift in Sources */,
				750ADF9C2750E5B6005AB9E3 /* HexColorExtension.swift in Sources */,
				750ADFB2275175F7005AB9E3 /* StorageManager.swift in Sources */,
				7544950927501B9300AF7AB6 /* ViewController.swift in Sources */,
				750ADFA02750E9E6005AB9E3 /* PhotoCollectionView.swift in Sources */,
				750ADFA6275148DD005AB9E3 /* Constraints.swift in Sources */,
				750ADFAC27515A0F005AB9E3 /* PickerController.swift in Sources */,
				7544950527501B9300AF7AB6 /* AppDelegate.swift in Sources */,
				750ADFA42751479D005AB9E3 /* Layout.swift in Sources */,
				7532EE372751D8B3009ABCA2 /* CollectionDelegate:DataSource.swift in Sources */,
				7544950727501B9300AF7AB6 /* SceneDelegate.swift in Sources */,
				750ADFAE27516348005AB9E3 /* PresentPhotoViewController.swift in Sources */,
				750ADF9E2750E9CA005AB9E3 /* PhotoCollectionViewCell.swift in Sources */,
			);
			runOnlyForDeploymentPostprocessing = 0;
		};
/* End PBXSourcesBuildPhase section */

/* Begin PBXVariantGroup section */
		7544950A27501B9300AF7AB6 /* Main.storyboard */ = {
			isa = PBXVariantGroup;
			children = (
				7544950B27501B9300AF7AB6 /* Base */,
			);
			name = Main.storyboard;
			sourceTree = "<group>";
		};
		7544950F27501BB500AF7AB6 /* LaunchScreen.storyboard */ = {
			isa = PBXVariantGroup;
			children = (
				7544951027501BB500AF7AB6 /* Base */,
			);
			name = LaunchScreen.storyboard;
			sourceTree = "<group>";
		};
/* End PBXVariantGroup section */

/* Begin XCBuildConfiguration section */
		7544951327501BB500AF7AB6 /* Debug */ = {
			isa = XCBuildConfiguration;
			buildSettings = {
				ALWAYS_SEARCH_USER_PATHS = NO;
				CLANG_ANALYZER_NONNULL = YES;
				CLANG_ANALYZER_NUMBER_OBJECT_CONVERSION = YES_AGGRESSIVE;
				CLANG_CXX_LANGUAGE_STANDARD = "gnu++17";
				CLANG_CXX_LIBRARY = "libc++";
				CLANG_ENABLE_MODULES = YES;
				CLANG_ENABLE_OBJC_ARC = YES;
				CLANG_ENABLE_OBJC_WEAK = YES;
				CLANG_WARN_BLOCK_CAPTURE_AUTORELEASING = YES;
				CLANG_WARN_BOOL_CONVERSION = YES;
				CLANG_WARN_COMMA = YES;
				CLANG_WARN_CONSTANT_CONVERSION = YES;
				CLANG_WARN_DEPRECATED_OBJC_IMPLEMENTATIONS = YES;
				CLANG_WARN_DIRECT_OBJC_ISA_USAGE = YES_ERROR;
				CLANG_WARN_DOCUMENTATION_COMMENTS = YES;
				CLANG_WARN_EMPTY_BODY = YES;
				CLANG_WARN_ENUM_CONVERSION = YES;
				CLANG_WARN_INFINITE_RECURSION = YES;
				CLANG_WARN_INT_CONVERSION = YES;
				CLANG_WARN_NON_LITERAL_NULL_CONVERSION = YES;
				CLANG_WARN_OBJC_IMPLICIT_RETAIN_SELF = YES;
				CLANG_WARN_OBJC_LITERAL_CONVERSION = YES;
				CLANG_WARN_OBJC_ROOT_CLASS = YES_ERROR;
				CLANG_WARN_QUOTED_INCLUDE_IN_FRAMEWORK_HEADER = YES;
				CLANG_WARN_RANGE_LOOP_ANALYSIS = YES;
				CLANG_WARN_STRICT_PROTOTYPES = YES;
				CLANG_WARN_SUSPICIOUS_MOVE = YES;
				CLANG_WARN_UNGUARDED_AVAILABILITY = YES_AGGRESSIVE;
				CLANG_WARN_UNREACHABLE_CODE = YES;
				CLANG_WARN__DUPLICATE_METHOD_MATCH = YES;
				COPY_PHASE_STRIP = NO;
				DEBUG_INFORMATION_FORMAT = dwarf;
				ENABLE_STRICT_OBJC_MSGSEND = YES;
				ENABLE_TESTABILITY = YES;
				GCC_C_LANGUAGE_STANDARD = gnu11;
				GCC_DYNAMIC_NO_PIC = NO;
				GCC_NO_COMMON_BLOCKS = YES;
				GCC_OPTIMIZATION_LEVEL = 0;
				GCC_PREPROCESSOR_DEFINITIONS = (
					"DEBUG=1",
					"$(inherited)",
				);
				GCC_WARN_64_TO_32_BIT_CONVERSION = YES;
				GCC_WARN_ABOUT_RETURN_TYPE = YES_ERROR;
				GCC_WARN_UNDECLARED_SELECTOR = YES;
				GCC_WARN_UNINITIALIZED_AUTOS = YES_AGGRESSIVE;
				GCC_WARN_UNUSED_FUNCTION = YES;
				GCC_WARN_UNUSED_VARIABLE = YES;
				IPHONEOS_DEPLOYMENT_TARGET = 15.0;
				MTL_ENABLE_DEBUG_INFO = INCLUDE_SOURCE;
				MTL_FAST_MATH = YES;
				ONLY_ACTIVE_ARCH = YES;
				SDKROOT = iphoneos;
				SWIFT_ACTIVE_COMPILATION_CONDITIONS = DEBUG;
				SWIFT_OPTIMIZATION_LEVEL = "-Onone";
			};
			name = Debug;
		};
		7544951427501BB500AF7AB6 /* Release */ = {
			isa = XCBuildConfiguration;
			buildSettings = {
				ALWAYS_SEARCH_USER_PATHS = NO;
				CLANG_ANALYZER_NONNULL = YES;
				CLANG_ANALYZER_NUMBER_OBJECT_CONVERSION = YES_AGGRESSIVE;
				CLANG_CXX_LANGUAGE_STANDARD = "gnu++17";
				CLANG_CXX_LIBRARY = "libc++";
				CLANG_ENABLE_MODULES = YES;
				CLANG_ENABLE_OBJC_ARC = YES;
				CLANG_ENABLE_OBJC_WEAK = YES;
				CLANG_WARN_BLOCK_CAPTURE_AUTORELEASING = YES;
				CLANG_WARN_BOOL_CONVERSION = YES;
				CLANG_WARN_COMMA = YES;
				CLANG_WARN_CONSTANT_CONVERSION = YES;
				CLANG_WARN_DEPRECATED_OBJC_IMPLEMENTATIONS = YES;
				CLANG_WARN_DIRECT_OBJC_ISA_USAGE = YES_ERROR;
				CLANG_WARN_DOCUMENTATION_COMMENTS = YES;
				CLANG_WARN_EMPTY_BODY = YES;
				CLANG_WARN_ENUM_CONVERSION = YES;
				CLANG_WARN_INFINITE_RECURSION = YES;
				CLANG_WARN_INT_CONVERSION = YES;
				CLANG_WARN_NON_LITERAL_NULL_CONVERSION = YES;
				CLANG_WARN_OBJC_IMPLICIT_RETAIN_SELF = YES;
				CLANG_WARN_OBJC_LITERAL_CONVERSION = YES;
				CLANG_WARN_OBJC_ROOT_CLASS = YES_ERROR;
				CLANG_WARN_QUOTED_INCLUDE_IN_FRAMEWORK_HEADER = YES;
				CLANG_WARN_RANGE_LOOP_ANALYSIS = YES;
				CLANG_WARN_STRICT_PROTOTYPES = YES;
				CLANG_WARN_SUSPICIOUS_MOVE = YES;
				CLANG_WARN_UNGUARDED_AVAILABILITY = YES_AGGRESSIVE;
				CLANG_WARN_UNREACHABLE_CODE = YES;
				CLANG_WARN__DUPLICATE_METHOD_MATCH = YES;
				COPY_PHASE_STRIP = NO;
				DEBUG_INFORMATION_FORMAT = "dwarf-with-dsym";
				ENABLE_NS_ASSERTIONS = NO;
				ENABLE_STRICT_OBJC_MSGSEND = YES;
				GCC_C_LANGUAGE_STANDARD = gnu11;
				GCC_NO_COMMON_BLOCKS = YES;
				GCC_WARN_64_TO_32_BIT_CONVERSION = YES;
				GCC_WARN_ABOUT_RETURN_TYPE = YES_ERROR;
				GCC_WARN_UNDECLARED_SELECTOR = YES;
				GCC_WARN_UNINITIALIZED_AUTOS = YES_AGGRESSIVE;
				GCC_WARN_UNUSED_FUNCTION = YES;
				GCC_WARN_UNUSED_VARIABLE = YES;
				IPHONEOS_DEPLOYMENT_TARGET = 15.0;
				MTL_ENABLE_DEBUG_INFO = NO;
				MTL_FAST_MATH = YES;
				SDKROOT = iphoneos;
				SWIFT_COMPILATION_MODE = wholemodule;
				SWIFT_OPTIMIZATION_LEVEL = "-O";
				VALIDATE_PRODUCT = YES;
			};
			name = Release;
		};
		7544951627501BB500AF7AB6 /* Debug */ = {
			isa = XCBuildConfiguration;
			buildSettings = {
				ASSETCATALOG_COMPILER_APPICON_NAME = AppIcon;
				ASSETCATALOG_COMPILER_GLOBAL_ACCENT_COLOR_NAME = AccentColor;
				CODE_SIGN_STYLE = Automatic;
				CURRENT_PROJECT_VERSION = 1;
				DEVELOPMENT_TEAM = 6TVC5Q5R78;
				GENERATE_INFOPLIST_FILE = YES;
				INFOPLIST_FILE = xOneTest/Info.plist;
				INFOPLIST_KEY_UIApplicationSupportsIndirectInputEvents = YES;
				INFOPLIST_KEY_UILaunchStoryboardName = LaunchScreen;
				INFOPLIST_KEY_UIMainStoryboardFile = Main;
				INFOPLIST_KEY_UISupportedInterfaceOrientations_iPad = "UIInterfaceOrientationPortrait UIInterfaceOrientationPortraitUpsideDown UIInterfaceOrientationLandscapeLeft UIInterfaceOrientationLandscapeRight";
				INFOPLIST_KEY_UISupportedInterfaceOrientations_iPhone = "UIInterfaceOrientationPortrait UIInterfaceOrientationLandscapeLeft UIInterfaceOrientationLandscapeRight";
				LD_RUNPATH_SEARCH_PATHS = (
					"$(inherited)",
					"@executable_path/Frameworks",
				);
				MARKETING_VERSION = 1.0;
				PRODUCT_BUNDLE_IDENTIFIER = By.Arthur.xOneTest;
				PRODUCT_NAME = "$(TARGET_NAME)";
				SWIFT_EMIT_LOC_STRINGS = YES;
				SWIFT_VERSION = 5.0;
				TARGETED_DEVICE_FAMILY = "1,2";
			};
			name = Debug;
		};
		7544951727501BB500AF7AB6 /* Release */ = {
			isa = XCBuildConfiguration;
			buildSettings = {
				ASSETCATALOG_COMPILER_APPICON_NAME = AppIcon;
				ASSETCATALOG_COMPILER_GLOBAL_ACCENT_COLOR_NAME = AccentColor;
				CODE_SIGN_STYLE = Automatic;
				CURRENT_PROJECT_VERSION = 1;
				DEVELOPMENT_TEAM = 6TVC5Q5R78;
				GENERATE_INFOPLIST_FILE = YES;
				INFOPLIST_FILE = xOneTest/Info.plist;
				INFOPLIST_KEY_UIApplicationSupportsIndirectInputEvents = YES;
				INFOPLIST_KEY_UILaunchStoryboardName = LaunchScreen;
				INFOPLIST_KEY_UIMainStoryboardFile = Main;
				INFOPLIST_KEY_UISupportedInterfaceOrientations_iPad = "UIInterfaceOrientationPortrait UIInterfaceOrientationPortraitUpsideDown UIInterfaceOrientationLandscapeLeft UIInterfaceOrientationLandscapeRight";
				INFOPLIST_KEY_UISupportedInterfaceOrientations_iPhone = "UIInterfaceOrientationPortrait UIInterfaceOrientationLandscapeLeft UIInterfaceOrientationLandscapeRight";
				LD_RUNPATH_SEARCH_PATHS = (
					"$(inherited)",
					"@executable_path/Frameworks",
				);
				MARKETING_VERSION = 1.0;
				PRODUCT_BUNDLE_IDENTIFIER = By.Arthur.xOneTest;
				PRODUCT_NAME = "$(TARGET_NAME)";
				SWIFT_EMIT_LOC_STRINGS = YES;
				SWIFT_VERSION = 5.0;
				TARGETED_DEVICE_FAMILY = "1,2";
			};
			name = Release;
		};
/* End XCBuildConfiguration section */

/* Begin XCConfigurationList section */
		754494FC27501B9200AF7AB6 /* Build configuration list for PBXProject "xOneTest" */ = {
			isa = XCConfigurationList;
			buildConfigurations = (
				7544951327501BB500AF7AB6 /* Debug */,
				7544951427501BB500AF7AB6 /* Release */,
			);
			defaultConfigurationIsVisible = 0;
			defaultConfigurationName = Release;
		};
		7544951527501BB500AF7AB6 /* Build configuration list for PBXNativeTarget "xOneTest" */ = {
			isa = XCConfigurationList;
			buildConfigurations = (
				7544951627501BB500AF7AB6 /* Debug */,
				7544951727501BB500AF7AB6 /* Release */,
			);
			defaultConfigurationIsVisible = 0;
			defaultConfigurationName = Release;
		};
/* End XCConfigurationList section */

/* Begin XCRemoteSwiftPackageReference section */
		7544951A27501F7A00AF7AB6 /* XCRemoteSwiftPackageReference "firebase-ios-sdk" */ = {
			isa = XCRemoteSwiftPackageReference;
			repositoryURL = "https://github.com/firebase/firebase-ios-sdk";
			requirement = {
				kind = upToNextMajorVersion;
				minimumVersion = 8.0.0;
			};
		};
/* End XCRemoteSwiftPackageReference section */

/* Begin XCSwiftPackageProductDependency section */
		7544951B27501F7A00AF7AB6 /* FirebaseAnalytics */ = {
			isa = XCSwiftPackageProductDependency;
			package = 7544951A27501F7A00AF7AB6 /* XCRemoteSwiftPackageReference "firebase-ios-sdk" */;
			productName = FirebaseAnalytics;
		};
		7544951D27501F7A00AF7AB6 /* FirebaseDatabase */ = {
			isa = XCSwiftPackageProductDependency;
			package = 7544951A27501F7A00AF7AB6 /* XCRemoteSwiftPackageReference "firebase-ios-sdk" */;
			productName = FirebaseDatabase;
		};
		7544951F27501F7A00AF7AB6 /* FirebaseFirestore */ = {
			isa = XCSwiftPackageProductDependency;
			package = 7544951A27501F7A00AF7AB6 /* XCRemoteSwiftPackageReference "firebase-ios-sdk" */;
			productName = FirebaseFirestore;
		};
		7544952127501F7A00AF7AB6 /* FirebaseStorage */ = {
			isa = XCSwiftPackageProductDependency;
			package = 7544951A27501F7A00AF7AB6 /* XCRemoteSwiftPackageReference "firebase-ios-sdk" */;
			productName = FirebaseStorage;
		};
/* End XCSwiftPackageProductDependency section */
	};
	rootObject = 754494F927501B9200AF7AB6 /* Project object */;
}
